
Microsoft Visual Studio Solution File, Format Version 12.00
# Visual Studio 15
VisualStudioVersion = 15.0.28307.102
MinimumVisualStudioVersion = 10.0.40219.1
Project("{FAE04EC0-301F-11D3-BF4B-00C04F79EFBC}") = "Reflection", "Reflection\Reflection.csproj", "{8A00FC76-5D6A-480B-81CA-578060DA7406}"
EndProject
Global
	GlobalSection(SolutionConfigurationPlatforms) = preSolution
		Debug|Any CPU = Debug|Any CPU
		Release|Any CPU = Release|Any CPU
	EndGlobalSection
	GlobalSection(ProjectConfigurationPlatforms) = postSolution
		{8A00FC76-5D6A-480B-81CA-578060DA7406}.Debug|Any CPU.ActiveCfg = Debug|Any CPU
		{8A00FC76-5D6A-480B-81CA-578060DA7406}.Debug|Any CPU.Build.0 = Debug|Any CPU
		{8A00FC76-5D6A-480B-81CA-578060DA7406}.Release|Any CPU.ActiveCfg = Release|Any CPU
		{8A00FC76-5D6A-480B-81CA-578060DA7406}.Release|Any CPU.Build.0 = Release|Any CPU
	EndGlobalSection
	GlobalSection(SolutionProperties) = preSolution
		HideSolutionNode = FALSE
	EndGlobalSection
	GlobalSection(ExtensibilityGlobals) = postSolution
		SolutionGuid = {5AB04BE5-8FCD-4873-AC5D-68D4EF83B812}
	EndGlobalSection
EndGlobal
